
Microsoft Visual Studio Solution File, Format Version 12.00
# Visual Studio Version 17
VisualStudioVersion = 17.8.34330.188
MinimumVisualStudioVersion = 10.0.40219.1
Project("{2150E333-8FDC-42A3-9474-1A3956D46DE8}") = "API", "API", "{A1CD1AB6-8FA0-4082-A390-85547B179222}"
EndProject
Project("{2150E333-8FDC-42A3-9474-1A3956D46DE8}") = "Infraestructure", "Infraestructure", "{23624EC3-964F-4D82-BFE9-B6C74E41210E}"
EndProject
Project("{2150E333-8FDC-42A3-9474-1A3956D46DE8}") = "Application", "Application", "{669C72B9-C8D3-4209-8EB9-E35A5727A19F}"
EndProject
Project("{2150E333-8FDC-42A3-9474-1A3956D46DE8}") = "Domain", "Domain", "{20F1C9A7-04B5-4576-91DA-4B983D8D5A6B}"
EndProject
Project("{2150E333-8FDC-42A3-9474-1A3956D46DE8}") = "Test", "Test", "{E6196FCE-39C1-4CBD-99A2-D6B52E7672AE}"
EndProject
Project("{FAE04EC0-301F-11D3-BF4B-00C04F79EFBC}") = "MilesCarRental.Domain", "MilesCarRental.Domain\MilesCarRental.Domain.csproj", "{CE93586B-0AFF-4E8D-902D-FBE9D00E880F}"
EndProject
Project("{FAE04EC0-301F-11D3-BF4B-00C04F79EFBC}") = "MilesCarRental.Infraestructure.Data", "MilesCarRental.Infraestructure.Data\MilesCarRental.Infraestructure.Data.csproj", "{816D27C3-0C82-423A-A2B6-5DD07F7AA3D8}"
EndProject
Project("{FAE04EC0-301F-11D3-BF4B-00C04F79EFBC}") = "MilesCarRental.Application", "MilesCarRental.Application\MilesCarRental.Application.csproj", "{03802859-70F6-41B8-9EEC-4901925FDBC4}"
EndProject
Project("{FAE04EC0-301F-11D3-BF4B-00C04F79EFBC}") = "MilesCarRental.Infraestructure.IoC", "MilesCarRental.Infraestructure.IoC\MilesCarRental.Infraestructure.IoC.csproj", "{035AC8D1-6959-4028-92B4-EAD62BFE4E27}"
EndProject
Project("{FAE04EC0-301F-11D3-BF4B-00C04F79EFBC}") = "MilesCarRental.API", "MilesCarRental.API\MilesCarRental.API.csproj", "{C340249A-D6D6-4017-A5E2-F8585FDC0B9C}"
EndProject
Global
	GlobalSection(SolutionConfigurationPlatforms) = preSolution
		Debug|Any CPU = Debug|Any CPU
		Release|Any CPU = Release|Any CPU
	EndGlobalSection
	GlobalSection(ProjectConfigurationPlatforms) = postSolution
		{CE93586B-0AFF-4E8D-902D-FBE9D00E880F}.Debug|Any CPU.ActiveCfg = Debug|Any CPU
		{CE93586B-0AFF-4E8D-902D-FBE9D00E880F}.Debug|Any CPU.Build.0 = Debug|Any CPU
		{CE93586B-0AFF-4E8D-902D-FBE9D00E880F}.Release|Any CPU.ActiveCfg = Release|Any CPU
		{CE93586B-0AFF-4E8D-902D-FBE9D00E880F}.Release|Any CPU.Build.0 = Release|Any CPU
		{816D27C3-0C82-423A-A2B6-5DD07F7AA3D8}.Debug|Any CPU.ActiveCfg = Debug|Any CPU
		{816D27C3-0C82-423A-A2B6-5DD07F7AA3D8}.Debug|Any CPU.Build.0 = Debug|Any CPU
		{816D27C3-0C82-423A-A2B6-5DD07F7AA3D8}.Release|Any CPU.ActiveCfg = Release|Any CPU
		{816D27C3-0C82-423A-A2B6-5DD07F7AA3D8}.Release|Any CPU.Build.0 = Release|Any CPU
		{03802859-70F6-41B8-9EEC-4901925FDBC4}.Debug|Any CPU.ActiveCfg = Debug|Any CPU
		{03802859-70F6-41B8-9EEC-4901925FDBC4}.Debug|Any CPU.Build.0 = Debug|Any CPU
		{03802859-70F6-41B8-9EEC-4901925FDBC4}.Release|Any CPU.ActiveCfg = Release|Any CPU
		{03802859-70F6-41B8-9EEC-4901925FDBC4}.Release|Any CPU.Build.0 = Release|Any CPU
		{035AC8D1-6959-4028-92B4-EAD62BFE4E27}.Debug|Any CPU.ActiveCfg = Debug|Any CPU
		{035AC8D1-6959-4028-92B4-EAD62BFE4E27}.Debug|Any CPU.Build.0 = Debug|Any CPU
		{035AC8D1-6959-4028-92B4-EAD62BFE4E27}.Release|Any CPU.ActiveCfg = Release|Any CPU
		{035AC8D1-6959-4028-92B4-EAD62BFE4E27}.Release|Any CPU.Build.0 = Release|Any CPU
		{C340249A-D6D6-4017-A5E2-F8585FDC0B9C}.Debug|Any CPU.ActiveCfg = Debug|Any CPU
		{C340249A-D6D6-4017-A5E2-F8585FDC0B9C}.Debug|Any CPU.Build.0 = Debug|Any CPU
		{C340249A-D6D6-4017-A5E2-F8585FDC0B9C}.Release|Any CPU.ActiveCfg = Release|Any CPU
		{C340249A-D6D6-4017-A5E2-F8585FDC0B9C}.Release|Any CPU.Build.0 = Release|Any CPU
	EndGlobalSection
	GlobalSection(SolutionProperties) = preSolution
		HideSolutionNode = FALSE
	EndGlobalSection
	GlobalSection(NestedProjects) = preSolution
		{CE93586B-0AFF-4E8D-902D-FBE9D00E880F} = {20F1C9A7-04B5-4576-91DA-4B983D8D5A6B}
		{816D27C3-0C82-423A-A2B6-5DD07F7AA3D8} = {23624EC3-964F-4D82-BFE9-B6C74E41210E}
		{03802859-70F6-41B8-9EEC-4901925FDBC4} = {669C72B9-C8D3-4209-8EB9-E35A5727A19F}
		{035AC8D1-6959-4028-92B4-EAD62BFE4E27} = {23624EC3-964F-4D82-BFE9-B6C74E41210E}
		{C340249A-D6D6-4017-A5E2-F8585FDC0B9C} = {A1CD1AB6-8FA0-4082-A390-85547B179222}
	EndGlobalSection
	GlobalSection(ExtensibilityGlobals) = postSolution
		SolutionGuid = {CB552AFD-A13F-47E4-A8A0-C09B05B490C0}
	EndGlobalSection
EndGlobal
